
Microsoft Visual Studio Solution File, Format Version 12.00
# Visual Studio Version 16
VisualStudioVersion = 16.0.30413.136
MinimumVisualStudioVersion = 10.0.40219.1
Project("{FAE04EC0-301F-11D3-BF4B-00C04F79EFBC}") = "CalculatorLib", "CalculatorLib\CalculatorLib.csproj", "{F1A747E2-2FAE-4C7D-B39D-868F3BC2E52D}"
EndProject
Project("{FAE04EC0-301F-11D3-BF4B-00C04F79EFBC}") = "TestServer", "TestServer\TestServer.csproj", "{F05FC5EE-9C45-4068-8D6C-617ECFDE85AB}"
EndProject
Project("{FAE04EC0-301F-11D3-BF4B-00C04F79EFBC}") = "Client", "Client\Client.csproj", "{377054A1-C65A-4443-87C7-10C1DA3F0668}"
EndProject
Project("{FAE04EC0-301F-11D3-BF4B-00C04F79EFBC}") = "CalculatorServiceContractLib", "CalculatorServiceContractLib\CalculatorServiceContractLib.csproj", "{B380D47A-DBF4-4AAB-BCBF-BF06D7B249F8}"
EndProject
Project("{FAE04EC0-301F-11D3-BF4B-00C04F79EFBC}") = "WCFServiceClient", "WCFServiceClient\WCFServiceClient.csproj", "{5C875C43-F5CF-4DA0-8521-7295BC971DF7}"
EndProject
Project("{FAE04EC0-301F-11D3-BF4B-00C04F79EFBC}") = "DataModelsLib", "DataModelsLib\DataModelsLib.csproj", "{C40EE148-8FDD-491D-8BA0-7094ADB11E8F}"
EndProject
Project("{FAE04EC0-301F-11D3-BF4B-00C04F79EFBC}") = "PatientDataServiceContractLib", "PatientDataServiceContractLib\PatientDataServiceContractLib.csproj", "{DC1908BA-B0F6-42D9-88E1-E81880B7B831}"
EndProject
Project("{FAE04EC0-301F-11D3-BF4B-00C04F79EFBC}") = "PatientDataServiceLib", "PatientDataServiceLib\PatientDataServiceLib.csproj", "{7A156D96-F0F9-4F46-88BE-FF7313485664}"
EndProject
Project("{FAE04EC0-301F-11D3-BF4B-00C04F79EFBC}") = "PatientAdminConsole", "PatientAdminConsole\PatientAdminConsole.csproj", "{585B3A2C-F29A-48D8-BE49-849CBC034A12}"
EndProject
Project("{FAE04EC0-301F-11D3-BF4B-00C04F79EFBC}") = "ServerStatusServiceLib", "ServerStatusServiceLib\ServerStatusServiceLib.csproj", "{8FB27D25-AD8B-495D-A654-224CBC4C3551}"
EndProject
Project("{FAE04EC0-301F-11D3-BF4B-00C04F79EFBC}") = "ServerStatusServiceContractLib", "ServerStatusServiceContractLib\ServerStatusServiceContractLib.csproj", "{CCC7F1E1-B9CF-41FF-821D-CA6BBF19FD89}"
EndProject
Project("{FAE04EC0-301F-11D3-BF4B-00C04F79EFBC}") = "RestApiServer", "RestApiServer\RestApiServer.csproj", "{EF3935C8-0AB7-4827-8A80-EE50AF01D400}"
EndProject
Global
	GlobalSection(SolutionConfigurationPlatforms) = preSolution
		Debug|Any CPU = Debug|Any CPU
		Release|Any CPU = Release|Any CPU
	EndGlobalSection
	GlobalSection(ProjectConfigurationPlatforms) = postSolution
		{F1A747E2-2FAE-4C7D-B39D-868F3BC2E52D}.Debug|Any CPU.ActiveCfg = Debug|Any CPU
		{F1A747E2-2FAE-4C7D-B39D-868F3BC2E52D}.Debug|Any CPU.Build.0 = Debug|Any CPU
		{F1A747E2-2FAE-4C7D-B39D-868F3BC2E52D}.Release|Any CPU.ActiveCfg = Release|Any CPU
		{F1A747E2-2FAE-4C7D-B39D-868F3BC2E52D}.Release|Any CPU.Build.0 = Release|Any CPU
		{F05FC5EE-9C45-4068-8D6C-617ECFDE85AB}.Debug|Any CPU.ActiveCfg = Debug|Any CPU
		{F05FC5EE-9C45-4068-8D6C-617ECFDE85AB}.Debug|Any CPU.Build.0 = Debug|Any CPU
		{F05FC5EE-9C45-4068-8D6C-617ECFDE85AB}.Release|Any CPU.ActiveCfg = Release|Any CPU
		{F05FC5EE-9C45-4068-8D6C-617ECFDE85AB}.Release|Any CPU.Build.0 = Release|Any CPU
		{377054A1-C65A-4443-87C7-10C1DA3F0668}.Debug|Any CPU.ActiveCfg = Debug|Any CPU
		{377054A1-C65A-4443-87C7-10C1DA3F0668}.Debug|Any CPU.Build.0 = Debug|Any CPU
		{377054A1-C65A-4443-87C7-10C1DA3F0668}.Release|Any CPU.ActiveCfg = Release|Any CPU
		{377054A1-C65A-4443-87C7-10C1DA3F0668}.Release|Any CPU.Build.0 = Release|Any CPU
		{B380D47A-DBF4-4AAB-BCBF-BF06D7B249F8}.Debug|Any CPU.ActiveCfg = Debug|Any CPU
		{B380D47A-DBF4-4AAB-BCBF-BF06D7B249F8}.Debug|Any CPU.Build.0 = Debug|Any CPU
		{B380D47A-DBF4-4AAB-BCBF-BF06D7B249F8}.Release|Any CPU.ActiveCfg = Release|Any CPU
		{B380D47A-DBF4-4AAB-BCBF-BF06D7B249F8}.Release|Any CPU.Build.0 = Release|Any CPU
		{5C875C43-F5CF-4DA0-8521-7295BC971DF7}.Debug|Any CPU.ActiveCfg = Debug|Any CPU
		{5C875C43-F5CF-4DA0-8521-7295BC971DF7}.Debug|Any CPU.Build.0 = Debug|Any CPU
		{5C875C43-F5CF-4DA0-8521-7295BC971DF7}.Release|Any CPU.ActiveCfg = Release|Any CPU
		{5C875C43-F5CF-4DA0-8521-7295BC971DF7}.Release|Any CPU.Build.0 = Release|Any CPU
		{C40EE148-8FDD-491D-8BA0-7094ADB11E8F}.Debug|Any CPU.ActiveCfg = Debug|Any CPU
		{C40EE148-8FDD-491D-8BA0-7094ADB11E8F}.Debug|Any CPU.Build.0 = Debug|Any CPU
		{C40EE148-8FDD-491D-8BA0-7094ADB11E8F}.Release|Any CPU.ActiveCfg = Release|Any CPU
		{C40EE148-8FDD-491D-8BA0-7094ADB11E8F}.Release|Any CPU.Build.0 = Release|Any CPU
		{DC1908BA-B0F6-42D9-88E1-E81880B7B831}.Debug|Any CPU.ActiveCfg = Debug|Any CPU
		{DC1908BA-B0F6-42D9-88E1-E81880B7B831}.Debug|Any CPU.Build.0 = Debug|Any CPU
		{DC1908BA-B0F6-42D9-88E1-E81880B7B831}.Release|Any CPU.ActiveCfg = Release|Any CPU
		{DC1908BA-B0F6-42D9-88E1-E81880B7B831}.Release|Any CPU.Build.0 = Release|Any CPU
		{7A156D96-F0F9-4F46-88BE-FF7313485664}.Debug|Any CPU.ActiveCfg = Debug|Any CPU
		{7A156D96-F0F9-4F46-88BE-FF7313485664}.Debug|Any CPU.Build.0 = Debug|Any CPU
		{7A156D96-F0F9-4F46-88BE-FF7313485664}.Release|Any CPU.ActiveCfg = Release|Any CPU
		{7A156D96-F0F9-4F46-88BE-FF7313485664}.Release|Any CPU.Build.0 = Release|Any CPU
		{585B3A2C-F29A-48D8-BE49-849CBC034A12}.Debug|Any CPU.ActiveCfg = Debug|Any CPU
		{585B3A2C-F29A-48D8-BE49-849CBC034A12}.Debug|Any CPU.Build.0 = Debug|Any CPU
		{585B3A2C-F29A-48D8-BE49-849CBC034A12}.Release|Any CPU.ActiveCfg = Release|Any CPU
		{585B3A2C-F29A-48D8-BE49-849CBC034A12}.Release|Any CPU.Build.0 = Release|Any CPU
		{8FB27D25-AD8B-495D-A654-224CBC4C3551}.Debug|Any CPU.ActiveCfg = Debug|Any CPU
		{8FB27D25-AD8B-495D-A654-224CBC4C3551}.Debug|Any CPU.Build.0 = Debug|Any CPU
		{8FB27D25-AD8B-495D-A654-224CBC4C3551}.Release|Any CPU.ActiveCfg = Release|Any CPU
		{8FB27D25-AD8B-495D-A654-224CBC4C3551}.Release|Any CPU.Build.0 = Release|Any CPU
		{CCC7F1E1-B9CF-41FF-821D-CA6BBF19FD89}.Debug|Any CPU.ActiveCfg = Debug|Any CPU
		{CCC7F1E1-B9CF-41FF-821D-CA6BBF19FD89}.Debug|Any CPU.Build.0 = Debug|Any CPU
		{CCC7F1E1-B9CF-41FF-821D-CA6BBF19FD89}.Release|Any CPU.ActiveCfg = Release|Any CPU
		{CCC7F1E1-B9CF-41FF-821D-CA6BBF19FD89}.Release|Any CPU.Build.0 = Release|Any CPU
		{EF3935C8-0AB7-4827-8A80-EE50AF01D400}.Debug|Any CPU.ActiveCfg = Debug|Any CPU
		{EF3935C8-0AB7-4827-8A80-EE50AF01D400}.Debug|Any CPU.Build.0 = Debug|Any CPU
		{EF3935C8-0AB7-4827-8A80-EE50AF01D400}.Release|Any CPU.ActiveCfg = Release|Any CPU
		{EF3935C8-0AB7-4827-8A80-EE50AF01D400}.Release|Any CPU.Build.0 = Release|Any CPU
	EndGlobalSection
	GlobalSection(SolutionProperties) = preSolution
		HideSolutionNode = FALSE
	EndGlobalSection
	GlobalSection(ExtensibilityGlobals) = postSolution
		SolutionGuid = {63A3A940-29E8-41AF-B840-F04277E5FA48}
	EndGlobalSection
EndGlobal
